PODS:
  - FlutterMacOS (1.0.0)
  - mentedb_flutter (0.0.1):
    - FlutterMacOS

DEPENDENCIES:
  - FlutterMacOS (from `Flutter/ephemeral`)
  - mentedb_flutter (from `Flutter/ephemeral/.symlinks/plugins/mentedb_flutter/macos`)

EXTERNAL SOURCES:
  FlutterMacOS:
    :path: Flutter/ephemeral
  mentedb_flutter:
    :path: Flutter/ephemeral/.symlinks/plugins/mentedb_flutter/macos

SPEC CHECKSUMS:
  FlutterMacOS: d0db08ddef1a9af05a5ec4b724367152bb0500b1
  mentedb_flutter: b2b1b7d9b6c3371b4e2f45f9564d97142b283469

PODFILE CHECKSUM: 54d867c82ac51cbd61b565781b9fada492027009

COCOAPODS: 1.16.2
